
Microsoft Visual Studio Solution File, Format Version 12.00
# Visual Studio Version 17
VisualStudioVersion = 17.6.33815.320
MinimumVisualStudioVersion = 10.0.40219.1
Project("{FAE04EC0-301F-11D3-BF4B-00C04F79EFBC}") = "SoketServer", "SoketServer\SoketServer.csproj", "{FCADD41B-9C01-40EE-8EE1-BD6699089CFC}"
EndProject
Global
	GlobalSection(SolutionConfigurationPlatforms) = preSolution
		Debug|Any CPU = Debug|Any CPU
		Release|Any CPU = Release|Any CPU
	EndGlobalSection
	GlobalSection(ProjectConfigurationPlatforms) = postSolution
		{FCADD41B-9C01-40EE-8EE1-BD6699089CFC}.Debug|Any CPU.ActiveCfg = Debug|Any CPU
		{FCADD41B-9C01-40EE-8EE1-BD6699089CFC}.Debug|Any CPU.Build.0 = Debug|Any CPU
		{FCADD41B-9C01-40EE-8EE1-BD6699089CFC}.Release|Any CPU.ActiveCfg = Release|Any CPU
		{FCADD41B-9C01-40EE-8EE1-BD6699089CFC}.Release|Any CPU.Build.0 = Release|Any CPU
	EndGlobalSection
	GlobalSection(SolutionProperties) = preSolution
		HideSolutionNode = FALSE
	EndGlobalSection
	GlobalSection(ExtensibilityGlobals) = postSolution
		SolutionGuid = {BE603A13-061B-4AC6-9AEB-F807A58435F3}
	EndGlobalSection
EndGlobal
